
Microsoft Visual Studio Solution File, Format Version 12.00
# Visual Studio 15
VisualStudioVersion = 15.0.26430.13
MinimumVisualStudioVersion = 10.0.40219.1
Project("{CC5FD16D-436D-48AD-A40C-5A424C6E3E79}") = "PackGenerator", "PackGenerator\PackGenerator.ccproj", "{C38942E3-4956-4898-B17C-5C937D341E6F}"
EndProject
Project("{FAE04EC0-301F-11D3-BF4B-00C04F79EFBC}") = "WebRole", "WebRole\WebRole.csproj", "{F921F975-4E68-411A-85B8-A6CEA042D7F4}"
EndProject
Global
	GlobalSection(SolutionConfigurationPlatforms) = preSolution
		Debug|Any CPU = Debug|Any CPU
		Release|Any CPU = Release|Any CPU
	EndGlobalSection
	GlobalSection(ProjectConfigurationPlatforms) = postSolution
		{C38942E3-4956-4898-B17C-5C937D341E6F}.Debug|Any CPU.ActiveCfg = Debug|Any CPU
		{C38942E3-4956-4898-B17C-5C937D341E6F}.Debug|Any CPU.Build.0 = Debug|Any CPU
		{C38942E3-4956-4898-B17C-5C937D341E6F}.Release|Any CPU.ActiveCfg = Release|Any CPU
		{C38942E3-4956-4898-B17C-5C937D341E6F}.Release|Any CPU.Build.0 = Release|Any CPU
		{F921F975-4E68-411A-85B8-A6CEA042D7F4}.Debug|Any CPU.ActiveCfg = Debug|Any CPU
		{F921F975-4E68-411A-85B8-A6CEA042D7F4}.Debug|Any CPU.Build.0 = Debug|Any CPU
		{F921F975-4E68-411A-85B8-A6CEA042D7F4}.Release|Any CPU.ActiveCfg = Release|Any CPU
		{F921F975-4E68-411A-85B8-A6CEA042D7F4}.Release|Any CPU.Build.0 = Release|Any CPU
	EndGlobalSection
	GlobalSection(SolutionProperties) = preSolution
		HideSolutionNode = FALSE
	EndGlobalSection
EndGlobal
